
Microsoft Visual Studio Solution File, Format Version 12.00
# Visual Studio Version 16
VisualStudioVersion = 16.0.33801.447
MinimumVisualStudioVersion = 10.0.40219.1
Project("{FAE04EC0-301F-11D3-BF4B-00C04F79EFBC}") = "MergeSort", "MergeSort.csproj", "{93B410A8-6088-4E67-9256-242AB80DC444}"
EndProject
Global
	GlobalSection(SolutionConfigurationPlatforms) = preSolution
		Debug|Any CPU = Debug|Any CPU
		Release|Any CPU = Release|Any CPU
	EndGlobalSection
	GlobalSection(ProjectConfigurationPlatforms) = postSolution
		{93B410A8-6088-4E67-9256-242AB80DC444}.Debug|Any CPU.ActiveCfg = Debug|Any CPU
		{93B410A8-6088-4E67-9256-242AB80DC444}.Debug|Any CPU.Build.0 = Debug|Any CPU
		{93B410A8-6088-4E67-9256-242AB80DC444}.Release|Any CPU.ActiveCfg = Release|Any CPU
		{93B410A8-6088-4E67-9256-242AB80DC444}.Release|Any CPU.Build.0 = Release|Any CPU
	EndGlobalSection
	GlobalSection(SolutionProperties) = preSolution
		HideSolutionNode = FALSE
	EndGlobalSection
	GlobalSection(ExtensibilityGlobals) = postSolution
		SolutionGuid = {5199A2CB-30B3-4A93-A2FD-641B4CE44F69}
	EndGlobalSection
EndGlobal
